
Microsoft Visual Studio Solution File, Format Version 12.00
# Visual Studio Version 16
VisualStudioVersion = 16.0.34301.259
MinimumVisualStudioVersion = 10.0.40219.1
Project("{FAE04EC0-301F-11D3-BF4B-00C04F79EFBC}") = "petshope", "petshope\petshope.csproj", "{B4D01410-015E-4DF3-BBDB-2C045159BD9E}"
EndProject
Global
	GlobalSection(SolutionConfigurationPlatforms) = preSolution
		Debug|Any CPU = Debug|Any CPU
		Release|Any CPU = Release|Any CPU
	EndGlobalSection
	GlobalSection(ProjectConfigurationPlatforms) = postSolution
		{B4D01410-015E-4DF3-BBDB-2C045159BD9E}.Debug|Any CPU.ActiveCfg = Debug|Any CPU
		{B4D01410-015E-4DF3-BBDB-2C045159BD9E}.Debug|Any CPU.Build.0 = Debug|Any CPU
		{B4D01410-015E-4DF3-BBDB-2C045159BD9E}.Release|Any CPU.ActiveCfg = Release|Any CPU
		{B4D01410-015E-4DF3-BBDB-2C045159BD9E}.Release|Any CPU.Build.0 = Release|Any CPU
	EndGlobalSection
	GlobalSection(SolutionProperties) = preSolution
		HideSolutionNode = FALSE
	EndGlobalSection
	GlobalSection(ExtensibilityGlobals) = postSolution
		SolutionGuid = {BA934A06-4C66-43C1-A888-5360C53E58A7}
	EndGlobalSection
EndGlobal
