
Microsoft Visual Studio Solution File, Format Version 12.00
# Visual Studio Version 16
VisualStudioVersion = 16.0.34301.259
MinimumVisualStudioVersion = 10.0.40219.1
Project("{FAE04EC0-301F-11D3-BF4B-00C04F79EFBC}") = "PetShope", "PetShope\PetShope.csproj", "{162B2401-B032-499A-8702-EF2F95A93AA3}"
EndProject
Global
	GlobalSection(SolutionConfigurationPlatforms) = preSolution
		Debug|Any CPU = Debug|Any CPU
		Release|Any CPU = Release|Any CPU
	EndGlobalSection
	GlobalSection(ProjectConfigurationPlatforms) = postSolution
		{162B2401-B032-499A-8702-EF2F95A93AA3}.Debug|Any CPU.ActiveCfg = Debug|Any CPU
		{162B2401-B032-499A-8702-EF2F95A93AA3}.Debug|Any CPU.Build.0 = Debug|Any CPU
		{162B2401-B032-499A-8702-EF2F95A93AA3}.Release|Any CPU.ActiveCfg = Release|Any CPU
		{162B2401-B032-499A-8702-EF2F95A93AA3}.Release|Any CPU.Build.0 = Release|Any CPU
	EndGlobalSection
	GlobalSection(SolutionProperties) = preSolution
		HideSolutionNode = FALSE
	EndGlobalSection
	GlobalSection(ExtensibilityGlobals) = postSolution
		SolutionGuid = {DC472D0C-6951-4C16-9B5B-96C0009799FE}
	EndGlobalSection
EndGlobal
